
Microsoft Visual Studio Solution File, Format Version 12.00
# Visual Studio 14
VisualStudioVersion = 14.0.25123.0
MinimumVisualStudioVersion = 10.0.40219.1
Project("{FAE04EC0-301F-11D3-BF4B-00C04F79EFBC}") = "MaterialiseCloud.Sdk", "MaterialiseCloud.Sdk\MaterialiseCloud.Sdk.csproj", "{44A9DA48-4881-4A8E-A703-00B465179975}"
EndProject
Project("{FAE04EC0-301F-11D3-BF4B-00C04F79EFBC}") = "MaterialiseCloud.Sdk.Tests", "MaterialiseCloud.Sdk.Tests\MaterialiseCloud.Sdk.Tests.csproj", "{C4BC7E9B-6A89-40D2-9F8C-9BBAA1E96CCA}"
EndProject
Global
	GlobalSection(SolutionConfigurationPlatforms) = preSolution
		Debug|Any CPU = Debug|Any CPU
		Release|Any CPU = Release|Any CPU
	EndGlobalSection
	GlobalSection(ProjectConfigurationPlatforms) = postSolution
		{44A9DA48-4881-4A8E-A703-00B465179975}.Debug|Any CPU.ActiveCfg = Debug|Any CPU
		{44A9DA48-4881-4A8E-A703-00B465179975}.Debug|Any CPU.Build.0 = Debug|Any CPU
		{44A9DA48-4881-4A8E-A703-00B465179975}.Release|Any CPU.ActiveCfg = Release|Any CPU
		{44A9DA48-4881-4A8E-A703-00B465179975}.Release|Any CPU.Build.0 = Release|Any CPU
		{C4BC7E9B-6A89-40D2-9F8C-9BBAA1E96CCA}.Debug|Any CPU.ActiveCfg = Debug|Any CPU
		{C4BC7E9B-6A89-40D2-9F8C-9BBAA1E96CCA}.Debug|Any CPU.Build.0 = Debug|Any CPU
		{C4BC7E9B-6A89-40D2-9F8C-9BBAA1E96CCA}.Release|Any CPU.ActiveCfg = Release|Any CPU
		{C4BC7E9B-6A89-40D2-9F8C-9BBAA1E96CCA}.Release|Any CPU.Build.0 = Release|Any CPU
	EndGlobalSection
	GlobalSection(SolutionProperties) = preSolution
		HideSolutionNode = FALSE
	EndGlobalSection
EndGlobal
